{"filter":false,"title":"package-lock.json","tooltip":"/frontend/package-lock.json","undoManager":{"mark":-1,"position":-1,"stack":[]},"ace":{"folds":[],"scrolltop":68558.546875,"scrollleft":0,"selection":{"start":{"row":3740,"column":65},"end":{"row":3740,"column":69},"isBackwards":false},"options":{"guessTabSize":true,"useWrapMode":false,"wrapToView":true},"firstLineState":0},"timestamp":1542482617637,"hash":"70b18e3f4199b44ca481803a9d4647ea87bd0424"}