{"filter":false,"title":"package-lock.json","tooltip":"/frontend/package-lock.json","undoManager":{"mark":-1,"position":-1,"stack":[]},"ace":{"folds":[],"scrolltop":0,"scrollleft":0,"selection":{"start":{"row":0,"column":0},"end":{"row":0,"column":0},"isBackwards":true},"options":{"guessTabSize":true,"useWrapMode":false,"wrapToView":true},"firstLineState":{"row":8,"mode":"ace/mode/json"}},"timestamp":1542482617637,"hash":"70b18e3f4199b44ca481803a9d4647ea87bd0424"}